
Microsoft Visual Studio Solution File, Format Version 12.00
Project("{FAE04EC0-301F-11D3-BF4B-00C04F79EFBC}") = "Kolokwium2poprawa", "Kolokwium2poprawa\Kolokwium2poprawa.csproj", "{9552ECFC-FA9B-41AB-B3C2-091435D0A560}"
EndProject
Global
	GlobalSection(SolutionConfigurationPlatforms) = preSolution
		Debug|Any CPU = Debug|Any CPU
		Release|Any CPU = Release|Any CPU
	EndGlobalSection
	GlobalSection(ProjectConfigurationPlatforms) = postSolution
		{9552ECFC-FA9B-41AB-B3C2-091435D0A560}.Debug|Any CPU.ActiveCfg = Debug|Any CPU
		{9552ECFC-FA9B-41AB-B3C2-091435D0A560}.Debug|Any CPU.Build.0 = Debug|Any CPU
		{9552ECFC-FA9B-41AB-B3C2-091435D0A560}.Release|Any CPU.ActiveCfg = Release|Any CPU
		{9552ECFC-FA9B-41AB-B3C2-091435D0A560}.Release|Any CPU.Build.0 = Release|Any CPU
	EndGlobalSection
EndGlobal
